
Microsoft Visual Studio Solution File, Format Version 12.00
Project("{FAE04EC0-301F-11D3-BF4B-00C04F79EFBC}") = "ANY.DuendeIDS.API", "ANY.DuendeIDS\ANY.DuendeIDS.API\ANY.DuendeIDS.API.csproj", "{3D91AB01-2960-4440-8FDA-DB677587C0DA}"
EndProject
Project("{FAE04EC0-301F-11D3-BF4B-00C04F79EFBC}") = "ANY.DuendeIDS.Domain", "ANY.DuendeIDS\ANY.DuendeIDS.Domain\ANY.DuendeIDS.Domain.csproj", "{66D17A35-7E50-4767-9924-1658A997A93C}"
EndProject
Project("{FAE04EC0-301F-11D3-BF4B-00C04F79EFBC}") = "ANY.DuendeIDS.Infrastructure", "ANY.DuendeIDS\ANY.DuendeIDS.Infrastructure\ANY.DuendeIDS.Infrastructure.csproj", "{9066DAEE-50CD-429E-8F03-D3CCE7EFE422}"
EndProject
Project("{FAE04EC0-301F-11D3-BF4B-00C04F79EFBC}") = "ANY.Authorization.Tools", "ANY.Authorization.Tools\ANY.Authorization.Tools.csproj", "{AA63FC63-A121-421E-BC45-9165F03C6D03}"
EndProject
Project("{FAE04EC0-301F-11D3-BF4B-00C04F79EFBC}") = "BffAngular", "BffAngular\BffAngular.csproj", "{6AA28AA8-3A14-41EE-BBA1-3C0458CAA705}"
EndProject
Project("{FAE04EC0-301F-11D3-BF4B-00C04F79EFBC}") = "ApiTests", "ApiTests\ApiTests.csproj", "{684978EC-A01D-4AB4-9DB3-F6BDCE40C163}"
EndProject
Global
	GlobalSection(SolutionConfigurationPlatforms) = preSolution
		Debug|Any CPU = Debug|Any CPU
		Release|Any CPU = Release|Any CPU
	EndGlobalSection
	GlobalSection(ProjectConfigurationPlatforms) = postSolution
		{3D91AB01-2960-4440-8FDA-DB677587C0DA}.Debug|Any CPU.ActiveCfg = Debug|Any CPU
		{3D91AB01-2960-4440-8FDA-DB677587C0DA}.Debug|Any CPU.Build.0 = Debug|Any CPU
		{3D91AB01-2960-4440-8FDA-DB677587C0DA}.Release|Any CPU.ActiveCfg = Release|Any CPU
		{3D91AB01-2960-4440-8FDA-DB677587C0DA}.Release|Any CPU.Build.0 = Release|Any CPU
		{66D17A35-7E50-4767-9924-1658A997A93C}.Debug|Any CPU.ActiveCfg = Debug|Any CPU
		{66D17A35-7E50-4767-9924-1658A997A93C}.Debug|Any CPU.Build.0 = Debug|Any CPU
		{66D17A35-7E50-4767-9924-1658A997A93C}.Release|Any CPU.ActiveCfg = Release|Any CPU
		{66D17A35-7E50-4767-9924-1658A997A93C}.Release|Any CPU.Build.0 = Release|Any CPU
		{9066DAEE-50CD-429E-8F03-D3CCE7EFE422}.Debug|Any CPU.ActiveCfg = Debug|Any CPU
		{9066DAEE-50CD-429E-8F03-D3CCE7EFE422}.Debug|Any CPU.Build.0 = Debug|Any CPU
		{9066DAEE-50CD-429E-8F03-D3CCE7EFE422}.Release|Any CPU.ActiveCfg = Release|Any CPU
		{9066DAEE-50CD-429E-8F03-D3CCE7EFE422}.Release|Any CPU.Build.0 = Release|Any CPU
		{AA63FC63-A121-421E-BC45-9165F03C6D03}.Debug|Any CPU.ActiveCfg = Debug|Any CPU
		{AA63FC63-A121-421E-BC45-9165F03C6D03}.Debug|Any CPU.Build.0 = Debug|Any CPU
		{AA63FC63-A121-421E-BC45-9165F03C6D03}.Release|Any CPU.ActiveCfg = Release|Any CPU
		{AA63FC63-A121-421E-BC45-9165F03C6D03}.Release|Any CPU.Build.0 = Release|Any CPU
		{6AA28AA8-3A14-41EE-BBA1-3C0458CAA705}.Debug|Any CPU.ActiveCfg = Debug|Any CPU
		{6AA28AA8-3A14-41EE-BBA1-3C0458CAA705}.Debug|Any CPU.Build.0 = Debug|Any CPU
		{6AA28AA8-3A14-41EE-BBA1-3C0458CAA705}.Release|Any CPU.ActiveCfg = Release|Any CPU
		{6AA28AA8-3A14-41EE-BBA1-3C0458CAA705}.Release|Any CPU.Build.0 = Release|Any CPU
		{684978EC-A01D-4AB4-9DB3-F6BDCE40C163}.Debug|Any CPU.ActiveCfg = Debug|Any CPU
		{684978EC-A01D-4AB4-9DB3-F6BDCE40C163}.Debug|Any CPU.Build.0 = Debug|Any CPU
		{684978EC-A01D-4AB4-9DB3-F6BDCE40C163}.Release|Any CPU.ActiveCfg = Release|Any CPU
		{684978EC-A01D-4AB4-9DB3-F6BDCE40C163}.Release|Any CPU.Build.0 = Release|Any CPU
	EndGlobalSection
EndGlobal
